
Microsoft Visual Studio Solution File, Format Version 12.00
# Visual Studio Version 17
VisualStudioVersion = 17.10.35013.160
MinimumVisualStudioVersion = 10.0.40219.1
Project("{FAE04EC0-301F-11D3-BF4B-00C04F79EFBC}") = "Inheritance", "Inheritance.csproj", "{EA8512A7-684D-4D03-B880-545002B18F7C}"
EndProject
Global
	GlobalSection(SolutionConfigurationPlatforms) = preSolution
		Debug|Any CPU = Debug|Any CPU
		Release|Any CPU = Release|Any CPU
	EndGlobalSection
	GlobalSection(ProjectConfigurationPlatforms) = postSolution
		{EA8512A7-684D-4D03-B880-545002B18F7C}.Debug|Any CPU.ActiveCfg = Debug|Any CPU
		{EA8512A7-684D-4D03-B880-545002B18F7C}.Debug|Any CPU.Build.0 = Debug|Any CPU
		{EA8512A7-684D-4D03-B880-545002B18F7C}.Release|Any CPU.ActiveCfg = Release|Any CPU
		{EA8512A7-684D-4D03-B880-545002B18F7C}.Release|Any CPU.Build.0 = Release|Any CPU
	EndGlobalSection
	GlobalSection(SolutionProperties) = preSolution
		HideSolutionNode = FALSE
	EndGlobalSection
	GlobalSection(ExtensibilityGlobals) = postSolution
		SolutionGuid = {2325956C-A40E-47F1-97E7-21C21D802B8F}
	EndGlobalSection
EndGlobal
